
Microsoft Visual Studio Solution File, Format Version 12.00
# Visual Studio Version 16
VisualStudioVersion = 16.0.31019.35
MinimumVisualStudioVersion = 10.0.40219.1
Project("{FAE04EC0-301F-11D3-BF4B-00C04F79EFBC}") = "SVBU_Test", "SVBU_Test\SVBU_Test.csproj", "{828E6D6E-5F0D-47C6-9ED3-DB731BF289CB}"
EndProject
Global
	GlobalSection(SolutionConfigurationPlatforms) = preSolution
		Debug|Any CPU = Debug|Any CPU
		Release|Any CPU = Release|Any CPU
	EndGlobalSection
	GlobalSection(ProjectConfigurationPlatforms) = postSolution
		{828E6D6E-5F0D-47C6-9ED3-DB731BF289CB}.Debug|Any CPU.ActiveCfg = Debug|Any CPU
		{828E6D6E-5F0D-47C6-9ED3-DB731BF289CB}.Debug|Any CPU.Build.0 = Debug|Any CPU
		{828E6D6E-5F0D-47C6-9ED3-DB731BF289CB}.Release|Any CPU.ActiveCfg = Release|Any CPU
		{828E6D6E-5F0D-47C6-9ED3-DB731BF289CB}.Release|Any CPU.Build.0 = Release|Any CPU
	EndGlobalSection
	GlobalSection(SolutionProperties) = preSolution
		HideSolutionNode = FALSE
	EndGlobalSection
	GlobalSection(ExtensibilityGlobals) = postSolution
		SolutionGuid = {D1B39F2B-AA04-49B7-8BB4-B14CA4AB42A5}
	EndGlobalSection
EndGlobal
